// !$*UTF8*$!
{
	archiveVersion = 1;
	classes = {
	};
	objectVersion = 46;
	objects = {

/* Begin PBXBuildFile section */
		93617E0B4D704825A737910C /* libPods.a in Frameworks */ = {isa = PBXBuildFile; fileRef = D7616222F9F741C9B3261758 /* libPods.a */; };
		D00A60D119CF59610070A1AC /* AppDelegate.swift in Sources */ = {isa = PBXBuildFile; fileRef = D00A60D019CF59610070A1AC /* AppDelegate.swift */; };
		D00A60D619CF59610070A1AC /* Main.storyboard in Resources */ = {isa = PBXBuildFile; fileRef = D00A60D419CF59610070A1AC /* Main.storyboard */; };
		D00A60D819CF59610070A1AC /* Images.xcassets in Resources */ = {isa = PBXBuildFile; fileRef = D00A60D719CF59610070A1AC /* Images.xcassets */; };
		D00A60DB19CF59610070A1AC /* LaunchScreen.xib in Resources */ = {isa = PBXBuildFile; fileRef = D00A60D919CF59610070A1AC /* LaunchScreen.xib */; };
		D00A60E719CF59610070A1AC /* RottenTomatoesTests.swift in Sources */ = {isa = PBXBuildFile; fileRef = D00A60E619CF59610070A1AC /* RottenTomatoesTests.swift */; };
		D00A60F119CF68880070A1AC /* MoviesViewController.swift in Sources */ = {isa = PBXBuildFile; fileRef = D00A60F019CF68880070A1AC /* MoviesViewController.swift */; };
		D00A60F319D09E7E0070A1AC /* MovieCell.swift in Sources */ = {isa = PBXBuildFile; fileRef = D00A60F219D09E7E0070A1AC /* MovieCell.swift */; };
		D045308519EDEB7000FCB780 /* MovieDetailViewController.swift in Sources */ = {isa = PBXBuildFile; fileRef = D045308419EDEB7000FCB780 /* MovieDetailViewController.swift */; };
		D0DC1AF619DE13B10063B1AB /* MovieDetails.swift in Sources */ = {isa = PBXBuildFile; fileRef = D0DC1AF519DE13B10063B1AB /* MovieDetails.swift */; };
/* End PBXBuildFile section */

/* Begin PBXContainerItemProxy section */
		D00A60E119CF59610070A1AC /* PBXContainerItemProxy */ = {
			isa = PBXContainerItemProxy;
			containerPortal = D00A60C319CF59610070A1AC /* Project object */;
			proxyType = 1;
			remoteGlobalIDString = D00A60CA19CF59610070A1AC;
			remoteInfo = RottenTomatoes;
		};
/* End PBXContainerItemProxy section */

/* Begin PBXFileReference section */
		17FF0DFD0712F6C2A8D6800F /* Pods.release.xcconfig */ = {isa = PBXFileReference; includeInIndex = 1; lastKnownFileType = text.xcconfig; name = Pods.release.xcconfig; path = "Pods/Target Support Files/Pods/Pods.release.xcconfig"; sourceTree = "<group>"; };
		236336E6E6D4CFE0180C4378 /* Pods.debug.xcconfig */ = {isa = PBXFileReference; includeInIndex = 1; lastKnownFileType = text.xcconfig; name = Pods.debug.xcconfig; path = "Pods/Target Support Files/Pods/Pods.debug.xcconfig"; sourceTree = "<group>"; };
		D00A60CB19CF59610070A1AC /* RottenTomatoes.app */ = {isa = PBXFileReference; explicitFileType = wrapper.application; includeInIndex = 0; path = RottenTomatoes.app; sourceTree = BUILT_PRODUCTS_DIR; };
		D00A60CF19CF59610070A1AC /* Info.plist */ = {isa = PBXFileReference; lastKnownFileType = text.plist.xml; path = Info.plist; sourceTree = "<group>"; };
		D00A60D019CF59610070A1AC /* AppDelegate.swift */ = {isa = PBXFileReference; lastKnownFileType = sourcecode.swift; path = AppDelegate.swift; sourceTree = "<group>"; };
		D00A60D519CF59610070A1AC /* Base */ = {isa = PBXFileReference; lastKnownFileType = file.storyboard; name = Base; path = Base.lproj/Main.storyboard; sourceTree = "<group>"; };
		D00A60D719CF59610070A1AC /* Images.xcassets */ = {isa = PBXFileReference; lastKnownFileType = folder.assetcatalog; path = Images.xcassets; sourceTree = "<group>"; };
		D00A60DA19CF59610070A1AC /* Base */ = {isa = PBXFileReference; lastKnownFileType = file.xib; name = Base; path = Base.lproj/LaunchScreen.xib; sourceTree = "<group>"; };
		D00A60E019CF59610070A1AC /* RottenTomatoesTests.xctest */ = {isa = PBXFileReference; explicitFileType = wrapper.cfbundle; includeInIndex = 0; path = RottenTomatoesTests.xctest; sourceTree = BUILT_PRODUCTS_DIR; };
		D00A60E519CF59610070A1AC /* Info.plist */ = {isa = PBXFileReference; lastKnownFileType = text.plist.xml; path = Info.plist; sourceTree = "<group>"; };
		D00A60E619CF59610070A1AC /* RottenTomatoesTests.swift */ = {isa = PBXFileReference; lastKnownFileType = sourcecode.swift; path = RottenTomatoesTests.swift; sourceTree = "<group>"; };
		D00A60F019CF68880070A1AC /* MoviesViewController.swift */ = {isa = PBXFileReference; fileEncoding = 4; lastKnownFileType = sourcecode.swift; path = MoviesViewController.swift; sourceTree = "<group>"; };
		D00A60F219D09E7E0070A1AC /* MovieCell.swift */ = {isa = PBXFileReference; fileEncoding = 4; lastKnownFileType = sourcecode.swift; path = MovieCell.swift; sourceTree = "<group>"; };
		D045308419EDEB7000FCB780 /* MovieDetailViewController.swift */ = {isa = PBXFileReference; fileEncoding = 4; lastKnownFileType = sourcecode.swift; path = MovieDetailViewController.swift; sourceTree = "<group>"; };
		D086C2FF19D0B2A20055A627 /* RottenTomatoes-Bridging-Header.h */ = {isa = PBXFileReference; lastKnownFileType = sourcecode.c.h; path = "RottenTomatoes-Bridging-Header.h"; sourceTree = "<group>"; };
		D0DC1AF519DE13B10063B1AB /* MovieDetails.swift */ = {isa = PBXFileReference; fileEncoding = 4; lastKnownFileType = sourcecode.swift; path = MovieDetails.swift; sourceTree = "<group>"; };
		D7616222F9F741C9B3261758 /* libPods.a */ = {isa = PBXFileReference; explicitFileType = archive.ar; includeInIndex = 0; path = libPods.a; sourceTree = BUILT_PRODUCTS_DIR; };
/* End PBXFileReference section */

/* Begin PBXFrameworksBuildPhase section */
		D00A60C819CF59610070A1AC /* Frameworks */ = {
			isa = PBXFrameworksBuildPhase;
			buildActionMask = 2147483647;
			files = (
				93617E0B4D704825A737910C /* libPods.a in Frameworks */,
			);
			runOnlyForDeploymentPostprocessing = 0;
		};
		D00A60DD19CF59610070A1AC /* Frameworks */ = {
			isa = PBXFrameworksBuildPhase;
			buildActionMask = 2147483647;
			files = (
			);
			runOnlyForDeploymentPostprocessing = 0;
		};
/* End PBXFrameworksBuildPhase section */

/* Begin PBXGroup section */
		B147FB686DE94298B1797C25 /* Frameworks */ = {
			isa = PBXGroup;
			children = (
				D7616222F9F741C9B3261758 /* libPods.a */,
			);
			name = Frameworks;
			sourceTree = "<group>";
		};
		BD3BA9509620249A51B61270 /* Pods */ = {
			isa = PBXGroup;
			children = (
				236336E6E6D4CFE0180C4378 /* Pods.debug.xcconfig */,
				17FF0DFD0712F6C2A8D6800F /* Pods.release.xcconfig */,
			);
			name = Pods;
			sourceTree = "<group>";
		};
		D00A60C219CF59610070A1AC = {
			isa = PBXGroup;
			children = (
				D00A60CD19CF59610070A1AC /* RottenTomatoes */,
				D00A60E319CF59610070A1AC /* RottenTomatoesTests */,
				D00A60CC19CF59610070A1AC /* Products */,
				B147FB686DE94298B1797C25 /* Frameworks */,
				BD3BA9509620249A51B61270 /* Pods */,
			);
			sourceTree = "<group>";
		};
		D00A60CC19CF59610070A1AC /* Products */ = {
			isa = PBXGroup;
			children = (
				D00A60CB19CF59610070A1AC /* RottenTomatoes.app */,
				D00A60E019CF59610070A1AC /* RottenTomatoesTests.xctest */,
			);
			name = Products;
			sourceTree = "<group>";
		};
		D00A60CD19CF59610070A1AC /* RottenTomatoes */ = {
			isa = PBXGroup;
			children = (
				D00A60F219D09E7E0070A1AC /* MovieCell.swift */,
				D0DC1AF519DE13B10063B1AB /* MovieDetails.swift */,
				D045308419EDEB7000FCB780 /* MovieDetailViewController.swift */,
				D00A60F019CF68880070A1AC /* MoviesViewController.swift */,
				D00A60D019CF59610070A1AC /* AppDelegate.swift */,
				D00A60D419CF59610070A1AC /* Main.storyboard */,
				D00A60D719CF59610070A1AC /* Images.xcassets */,
				D00A60D919CF59610070A1AC /* LaunchScreen.xib */,
				D00A60CE19CF59610070A1AC /* Supporting Files */,
				D086C2FF19D0B2A20055A627 /* RottenTomatoes-Bridging-Header.h */,
			);
			path = RottenTomatoes;
			sourceTree = "<group>";
		};
		D00A60CE19CF59610070A1AC /* Supporting Files */ = {
			isa = PBXGroup;
			children = (
				D00A60CF19CF59610070A1AC /* Info.plist */,
			);
			name = "Supporting Files";
			sourceTree = "<group>";
		};
		D00A60E319CF59610070A1AC /* RottenTomatoesTests */ = {
			isa = PBXGroup;
			children = (
				D00A60E619CF59610070A1AC /* RottenTomatoesTests.swift */,
				D00A60E419CF59610070A1AC /* Supporting Files */,
			);
			path = RottenTomatoesTests;
			sourceTree = "<group>";
		};
		D00A60E419CF59610070A1AC /* Supporting Files */ = {
			isa = PBXGroup;
			children = (
				D00A60E519CF59610070A1AC /* Info.plist */,
			);
			name = "Supporting Files";
			sourceTree = "<group>";
		};
/* End PBXGroup section */

/* Begin PBXNativeTarget section */
		D00A60CA19CF59610070A1AC /* RottenTomatoes */ = {
			isa = PBXNativeTarget;
			buildConfigurationList = D00A60EA19CF59610070A1AC /* Build configuration list for PBXNativeTarget "RottenTomatoes" */;
			buildPhases = (
				F7200C4C688246EDADCF706B /* Check Pods Manifest.lock */,
				D00A60C719CF59610070A1AC /* Sources */,
				D00A60C819CF59610070A1AC /* Frameworks */,
				D00A60C919CF59610070A1AC /* Resources */,
				AE3EA3CBAB974FAE8CB0101F /* Copy Pods Resources */,
			);
			buildRules = (
			);
			dependencies = (
			);
			name = RottenTomatoes;
			productName = RottenTomatoes;
			productReference = D00A60CB19CF59610070A1AC /* RottenTomatoes.app */;
			productType = "com.apple.product-type.application";
		};
		D00A60DF19CF59610070A1AC /* RottenTomatoesTests */ = {
			isa = PBXNativeTarget;
			buildConfigurationList = D00A60ED19CF59610070A1AC /* Build configuration list for PBXNativeTarget "RottenTomatoesTests" */;
			buildPhases = (
				D00A60DC19CF59610070A1AC /* Sources */,
				D00A60DD19CF59610070A1AC /* Frameworks */,
				D00A60DE19CF59610070A1AC /* Resources */,
			);
			buildRules = (
			);
			dependencies = (
				D00A60E219CF59610070A1AC /* PBXTargetDependency */,
			);
			name = RottenTomatoesTests;
			productName = RottenTomatoesTests;
			productReference = D00A60E019CF59610070A1AC /* RottenTomatoesTests.xctest */;
			productType = "com.apple.product-type.bundle.unit-test";
		};
/* End PBXNativeTarget section */

/* Begin PBXProject section */
		D00A60C319CF59610070A1AC /* Project object */ = {
			isa = PBXProject;
			attributes = {
				LastUpgradeCheck = 0600;
				ORGANIZATIONNAME = "Blue Lotus Labs";
				TargetAttributes = {
					D00A60CA19CF59610070A1AC = {
						CreatedOnToolsVersion = 6.0.1;
					};
					D00A60DF19CF59610070A1AC = {
						CreatedOnToolsVersion = 6.0.1;
						TestTargetID = D00A60CA19CF59610070A1AC;
					};
				};
			};
			buildConfigurationList = D00A60C619CF59610070A1AC /* Build configuration list for PBXProject "RottenTomatoes" */;
			compatibilityVersion = "Xcode 3.2";
			developmentRegion = English;
			hasScannedForEncodings = 0;
			knownRegions = (
				en,
				Base,
			);
			mainGroup = D00A60C219CF59610070A1AC;
			productRefGroup = D00A60CC19CF59610070A1AC /* Products */;
			projectDirPath = "";
			projectRoot = "";
			targets = (
				D00A60CA19CF59610070A1AC /* RottenTomatoes */,
				D00A60DF19CF59610070A1AC /* RottenTomatoesTests */,
			);
		};
/* End PBXProject section */

/* Begin PBXResourcesBuildPhase section */
		D00A60C919CF59610070A1AC /* Resources */ = {
			isa = PBXResourcesBuildPhase;
			buildActionMask = 2147483647;
			files = (
				D00A60D619CF59610070A1AC /* Main.storyboard in Resources */,
				D00A60DB19CF59610070A1AC /* LaunchScreen.xib in Resources */,
				D00A60D819CF59610070A1AC /* Images.xcassets in Resources */,
			);
			runOnlyForDeploymentPostprocessing = 0;
		};
		D00A60DE19CF59610070A1AC /* Resources */ = {
			isa = PBXResourcesBuildPhase;
			buildActionMask = 2147483647;
			files = (
			);
			runOnlyForDeploymentPostprocessing = 0;
		};
/* End PBXResourcesBuildPhase section */

/* Begin PBXShellScriptBuildPhase section */
		AE3EA3CBAB974FAE8CB0101F /* Copy Pods Resources */ = {
			isa = PBXShellScriptBuildPhase;
			buildActionMask = 2147483647;
			files = (
			);
			inputPaths = (
			);
			name = "Copy Pods Resources";
			outputPaths = (
			);
			runOnlyForDeploymentPostprocessing = 0;
			shellPath = /bin/sh;
			shellScript = "\"${SRCROOT}/Pods/Target Support Files/Pods/Pods-resources.sh\"\n";
			showEnvVarsInLog = 0;
		};
		F7200C4C688246EDADCF706B /* Check Pods Manifest.lock */ = {
			isa = PBXShellScriptBuildPhase;
			buildActionMask = 2147483647;
			files = (
			);
			inputPaths = (
			);
			name = "Check Pods Manifest.lock";
			outputPaths = (
			);
			runOnlyForDeploymentPostprocessing = 0;
			shellPath = /bin/sh;
			shellScript = "diff \"${PODS_ROOT}/../Podfile.lock\" \"${PODS_ROOT}/Manifest.lock\" > /dev/null\nif [[ $? != 0 ]] ; then\n    cat << EOM\nerror: The sandbox is not in sync with the Podfile.lock. Run 'pod install' or update your CocoaPods installation.\nEOM\n    exit 1\nfi\n";
			showEnvVarsInLog = 0;
		};
/* End PBXShellScriptBuildPhase section */

/* Begin PBXSourcesBuildPhase section */
		D00A60C719CF59610070A1AC /* Sources */ = {
			isa = PBXSourcesBuildPhase;
			buildActionMask = 2147483647;
			files = (
				D00A60D119CF59610070A1AC /* AppDelegate.swift in Sources */,
				D045308519EDEB7000FCB780 /* MovieDetailViewController.swift in Sources */,
				D00A60F119CF68880070A1AC /* MoviesViewController.swift in Sources */,
				D00A60F319D09E7E0070A1AC /* MovieCell.swift in Sources */,
				D0DC1AF619DE13B10063B1AB /* MovieDetails.swift in Sources */,
			);
			runOnlyForDeploymentPostprocessing = 0;
		};
		D00A60DC19CF59610070A1AC /* Sources */ = {
			isa = PBXSourcesBuildPhase;
			buildActionMask = 2147483647;
			files = (
				D00A60E719CF59610070A1AC /* RottenTomatoesTests.swift in Sources */,
			);
			runOnlyForDeploymentPostprocessing = 0;
		};
/* End PBXSourcesBuildPhase section */

/* Begin PBXTargetDependency section */
		D00A60E219CF59610070A1AC /* PBXTargetDependency */ = {
			isa = PBXTargetDependency;
			target = D00A60CA19CF59610070A1AC /* RottenTomatoes */;
			targetProxy = D00A60E119CF59610070A1AC /* PBXContainerItemProxy */;
		};
/* End PBXTargetDependency section */

/* Begin PBXVariantGroup section */
		D00A60D419CF59610070A1AC /* Main.storyboard */ = {
			isa = PBXVariantGroup;
			children = (
				D00A60D519CF59610070A1AC /* Base */,
			);
			name = Main.storyboard;
			sourceTree = "<group>";
		};
		D00A60D919CF59610070A1AC /* LaunchScreen.xib */ = {
			isa = PBXVariantGroup;
			children = (
				D00A60DA19CF59610070A1AC /* Base */,
			);
			name = LaunchScreen.xib;
			sourceTree = "<group>";
		};
/* End PBXVariantGroup section */

/* Begin XCBuildConfiguration section */
		D00A60E819CF59610070A1AC /* Debug */ = {
			isa = XCBuildConfiguration;
			buildSettings = {
				ALWAYS_SEARCH_USER_PATHS = NO;
				CLANG_CXX_LANGUAGE_STANDARD = "gnu++0x";
				CLANG_CXX_LIBRARY = "libc++";
				CLANG_ENABLE_MODULES = YES;
				CLANG_ENABLE_OBJC_ARC = YES;
				CLANG_WARN_BOOL_CONVERSION = YES;
				CLANG_WARN_CONSTANT_CONVERSION = YES;
				CLANG_WARN_DIRECT_OBJC_ISA_USAGE = YES_ERROR;
				CLANG_WARN_EMPTY_BODY = YES;
				CLANG_WARN_ENUM_CONVERSION = YES;
				CLANG_WARN_INT_CONVERSION = YES;
				CLANG_WARN_OBJC_ROOT_CLASS = YES_ERROR;
				CLANG_WARN_UNREACHABLE_CODE = YES;
				CLANG_WARN__DUPLICATE_METHOD_MATCH = YES;
				"CODE_SIGN_IDENTITY[sdk=iphoneos*]" = "iPhone Developer";
				COPY_PHASE_STRIP = NO;
				ENABLE_STRICT_OBJC_MSGSEND = YES;
				GCC_C_LANGUAGE_STANDARD = gnu99;
				GCC_DYNAMIC_NO_PIC = NO;
				GCC_OPTIMIZATION_LEVEL = 0;
				GCC_PREPROCESSOR_DEFINITIONS = (
					"DEBUG=1",
					"$(inherited)",
				);
				GCC_SYMBOLS_PRIVATE_EXTERN = NO;
				GCC_WARN_64_TO_32_BIT_CONVERSION = YES;
				GCC_WARN_ABOUT_RETURN_TYPE = YES_ERROR;
				GCC_WARN_UNDECLARED_SELECTOR = YES;
				GCC_WARN_UNINITIALIZED_AUTOS = YES_AGGRESSIVE;
				GCC_WARN_UNUSED_FUNCTION = YES;
				GCC_WARN_UNUSED_VARIABLE = YES;
				IPHONEOS_DEPLOYMENT_TARGET = 7.0;
				MTL_ENABLE_DEBUG_INFO = YES;
				ONLY_ACTIVE_ARCH = YES;
				SDKROOT = iphoneos;
				SWIFT_OPTIMIZATION_LEVEL = "-Onone";
			};
			name = Debug;
		};
		D00A60E919CF59610070A1AC /* Release */ = {
			isa = XCBuildConfiguration;
			buildSettings = {
				ALWAYS_SEARCH_USER_PATHS = NO;
				CLANG_CXX_LANGUAGE_STANDARD = "gnu++0x";
				CLANG_CXX_LIBRARY = "libc++";
				CLANG_ENABLE_MODULES = YES;
				CLANG_ENABLE_OBJC_ARC = YES;
				CLANG_WARN_BOOL_CONVERSION = YES;
				CLANG_WARN_CONSTANT_CONVERSION = YES;
				CLANG_WARN_DIRECT_OBJC_ISA_USAGE = YES_ERROR;
				CLANG_WARN_EMPTY_BODY = YES;
				CLANG_WARN_ENUM_CONVERSION = YES;
				CLANG_WARN_INT_CONVERSION = YES;
				CLANG_WARN_OBJC_ROOT_CLASS = YES_ERROR;
				CLANG_WARN_UNREACHABLE_CODE = YES;
				CLANG_WARN__DUPLICATE_METHOD_MATCH = YES;
				"CODE_SIGN_IDENTITY[sdk=iphoneos*]" = "iPhone Developer";
				COPY_PHASE_STRIP = YES;
				ENABLE_NS_ASSERTIONS = NO;
				ENABLE_STRICT_OBJC_MSGSEND = YES;
				GCC_C_LANGUAGE_STANDARD = gnu99;
				GCC_WARN_64_TO_32_BIT_CONVERSION = YES;
				GCC_WARN_ABOUT_RETURN_TYPE = YES_ERROR;
				GCC_WARN_UNDECLARED_SELECTOR = YES;
				GCC_WARN_UNINITIALIZED_AUTOS = YES_AGGRESSIVE;
				GCC_WARN_UNUSED_FUNCTION = YES;
				GCC_WARN_UNUSED_VARIABLE = YES;
				IPHONEOS_DEPLOYMENT_TARGET = 7.0;
				MTL_ENABLE_DEBUG_INFO = NO;
				SDKROOT = iphoneos;
				VALIDATE_PRODUCT = YES;
			};
			name = Release;
		};
		D00A60EB19CF59610070A1AC /* Debug */ = {
			isa = XCBuildConfiguration;
			baseConfigurationReference = 236336E6E6D4CFE0180C4378 /* Pods.debug.xcconfig */;
			buildSettings = {
				ASSETCATALOG_COMPILER_APPICON_NAME = AppIcon;
				CLANG_ENABLE_MODULES = YES;
				INFOPLIST_FILE = RottenTomatoes/Info.plist;
				IPHONEOS_DEPLOYMENT_TARGET = 7.0;
				LD_RUNPATH_SEARCH_PATHS = "$(inherited) @executable_path/Frameworks";
				PRODUCT_NAME = "$(TARGET_NAME)";
				SWIFT_OBJC_BRIDGING_HEADER = "RottenTomatoes/RottenTomatoes-Bridging-Header.h";
				SWIFT_OPTIMIZATION_LEVEL = "-Onone";
			};
			name = Debug;
		};
		D00A60EC19CF59610070A1AC /* Release */ = {
			isa = XCBuildConfiguration;
			baseConfigurationReference = 17FF0DFD0712F6C2A8D6800F /* Pods.release.xcconfig */;
			buildSettings = {
				ASSETCATALOG_COMPILER_APPICON_NAME = AppIcon;
				CLANG_ENABLE_MODULES = YES;
				INFOPLIST_FILE = RottenTomatoes/Info.plist;
				IPHONEOS_DEPLOYMENT_TARGET = 7.0;
				LD_RUNPATH_SEARCH_PATHS = "$(inherited) @executable_path/Frameworks";
				PRODUCT_NAME = "$(TARGET_NAME)";
				SWIFT_OBJC_BRIDGING_HEADER = "RottenTomatoes/RottenTomatoes-Bridging-Header.h";
			};
			name = Release;
		};
		D00A60EE19CF59610070A1AC /* Debug */ = {
			isa = XCBuildConfiguration;
			buildSettings = {
				BUNDLE_LOADER = "$(TEST_HOST)";
				FRAMEWORK_SEARCH_PATHS = (
					"$(SDKROOT)/Developer/Library/Frameworks",
					"$(inherited)",
				);
				GCC_PREPROCESSOR_DEFINITIONS = (
					"DEBUG=1",
					"$(inherited)",
				);
				INFOPLIST_FILE = RottenTomatoesTests/Info.plist;
				LD_RUNPATH_SEARCH_PATHS = "$(inherited) @executable_path/Frameworks @loader_path/Frameworks";
				PRODUCT_NAME = "$(TARGET_NAME)";
				TEST_HOST = "$(BUILT_PRODUCTS_DIR)/RottenTomatoes.app/RottenTomatoes";
			};
			name = Debug;
		};
		D00A60EF19CF59610070A1AC /* Release */ = {
			isa = XCBuildConfiguration;
			buildSettings = {
				BUNDLE_LOADER = "$(TEST_HOST)";
				FRAMEWORK_SEARCH_PATHS = (
					"$(SDKROOT)/Developer/Library/Frameworks",
					"$(inherited)",
				);
				INFOPLIST_FILE = RottenTomatoesTests/Info.plist;
				LD_RUNPATH_SEARCH_PATHS = "$(inherited) @executable_path/Frameworks @loader_path/Frameworks";
				PRODUCT_NAME = "$(TARGET_NAME)";
				TEST_HOST = "$(BUILT_PRODUCTS_DIR)/RottenTomatoes.app/RottenTomatoes";
			};
			name = Release;
		};
/* End XCBuildConfiguration section */

/* Begin XCConfigurationList section */
		D00A60C619CF59610070A1AC /* Build configuration list for PBXProject "RottenTomatoes" */ = {
			isa = XCConfigurationList;
			buildConfigurations = (
				D00A60E819CF59610070A1AC /* Debug */,
				D00A60E919CF59610070A1AC /* Release */,
			);
			defaultConfigurationIsVisible = 0;
			defaultConfigurationName = Release;
		};
		D00A60EA19CF59610070A1AC /* Build configuration list for PBXNativeTarget "RottenTomatoes" */ = {
			isa = XCConfigurationList;
			buildConfigurations = (
				D00A60EB19CF59610070A1AC /* Debug */,
				D00A60EC19CF59610070A1AC /* Release */,
			);
			defaultConfigurationIsVisible = 0;
			defaultConfigurationName = Release;
		};
		D00A60ED19CF59610070A1AC /* Build configuration list for PBXNativeTarget "RottenTomatoesTests" */ = {
			isa = XCConfigurationList;
			buildConfigurations = (
				D00A60EE19CF59610070A1AC /* Debug */,
				D00A60EF19CF59610070A1AC /* Release */,
			);
			defaultConfigurationIsVisible = 0;
			defaultConfigurationName = Release;
		};
/* End XCConfigurationList section */
	};
	rootObject = D00A60C319CF59610070A1AC /* Project object */;
}
